#MicroXplorer Configuration settings - do not modify
Mcu.Family=STM32F1
NVIC.USART3_IRQn=true\:0\:0\:false\:false\:true\:true\:true
SH.GPXTI1.0=GPIO_EXTI1
ProjectManager.MainLocation=Core/Src
RCC.MCOFreq_Value=16000000
PA6.Mode=Full_Duplex_Master
ProjectManager.ProjectFileName=stm32_electronic_clock.ioc
USART2.IPParameters=VirtualMode
PA7.Mode=Full_Duplex_Master
TIM3.Channel-Output\ Compare1\ No\ Output=TIM_CHANNEL_1
ProjectManager.KeepUserCode=true
Mcu.UserName=STM32F103R8Tx
Mcu.PinsNb=17
SPI1.VirtualType=VM_MASTER
PB10.Mode=Asynchronous
ProjectManager.NoMain=false
SPI1.IPParameters=VirtualType,Mode,Direction,CalculateBaudRate,BaudRatePrescaler
RCC.PLLCLKFreq_Value=16000000
PA9.GPIO_Label=SPI_DC
ProjectManager.functionlistsort=1-MX_GPIO_Init-GPIO-false-HAL-true,2-SystemClock_Config-RCC-false-HAL-false,3-MX_I2C1_Init-I2C1-false-HAL-true,4-MX_SPI1_Init-SPI1-false-HAL-true,5-MX_TIM3_Init-TIM3-false-HAL-true,6-MX_USART2_UART_Init-USART2-false-HAL-true,7-MX_USART3_UART_Init-USART3-false-HAL-true
PC0.GPIOParameters=GPIO_PuPd,GPIO_Label,GPIO_ModeDefaultEXTI
PA9.GPIOParameters=PinState,GPIO_Label
PC0.GPIO_Label=Change_display
SH.GPXTI0.ConfNb=1
RCC.ADCFreqValue=8000000
ProjectManager.DefaultFWLocation=true
ProjectManager.DeletePrevious=true
PC0.Signal=GPXTI0
PC1.Locked=true
PB11.Signal=USART3_RX
VP_SYS_VS_ND.Mode=No_Debug
PinOutPanel.RotationAngle=0
RCC.FamilyName=M
RCC.SYSCLKSource=RCC_SYSCLKSOURCE_PLLCLK
ProjectManager.StackSize=0x400
PA3.Mode=Asynchronous
Mcu.IP4=SYS
RCC.FCLKCortexFreq_Value=16000000
Mcu.IP5=TIM3
NVIC.SVCall_IRQn=true\:0\:0\:false\:false\:true\:false\:false
Mcu.IP2=RCC
Mcu.IP3=SPI1
Mcu.IP0=I2C1
Mcu.IP1=NVIC
PA8.GPIO_Label=SPI_CS
Mcu.UserConstants=
PB11.Mode=Asynchronous
ProjectManager.TargetToolchain=STM32CubeIDE
VP_TIM3_VS_no_output1.Signal=TIM3_VS_no_output1
PC1.GPIOParameters=GPIO_PuPd,GPIO_Label,GPIO_ModeDefaultEXTI
Mcu.ThirdPartyNb=0
SPI1.Direction=SPI_DIRECTION_2LINES
RCC.HCLKFreq_Value=16000000
Mcu.IPNb=8
ProjectManager.PreviousToolchain=
RCC.APB2TimFreq_Value=16000000
TIM3.Period=250
PA9.Signal=GPIO_Output
PB6.Signal=I2C1_SCL
PA9.PinState=GPIO_PIN_RESET
PB6.Mode=I2C
SPI1.CalculateBaudRate=4.0 MBits/s
PA8.GPIOParameters=GPIO_Label
Mcu.Pin6=PA7
Mcu.Pin7=PB10
ProjectManager.RegisterCallBack=
Mcu.Pin8=PB11
RCC.USBFreq_Value=16000000
Mcu.Pin9=PA8
VP_TIM3_VS_ClockSourceINT.Signal=TIM3_VS_ClockSourceINT
RCC.AHBFreq_Value=16000000
Mcu.Pin0=PC0
Mcu.Pin1=PC1
GPIO.groupedBy=Group By Peripherals
Mcu.Pin2=PA2
PB10.Signal=USART3_TX
Mcu.Pin3=PA3
Mcu.Pin4=PA5
Mcu.Pin5=PA6
PA5.Signal=SPI1_SCK
ProjectManager.ProjectBuild=false
NVIC.UsageFault_IRQn=true\:0\:0\:false\:false\:true\:false\:false
NVIC.DebugMonitor_IRQn=true\:0\:0\:false\:false\:true\:false\:false
PA8.Locked=true
board=custom
VP_TIM3_VS_no_output1.Mode=Output Compare1 No Output
PC1.GPIO_PuPd=GPIO_PULLUP
NVIC.SysTick_IRQn=true\:0\:0\:false\:false\:true\:false\:true
ProjectManager.LastFirmware=false
RCC.PLLMUL=RCC_PLL_MUL4
NVIC.TIM3_IRQn=true\:0\:0\:false\:false\:true\:true\:true
ProjectManager.FirmwarePackage=STM32Cube FW_F1 V1.8.3
MxDb.Version=DB.6.0.21
RCC.APB2Freq_Value=16000000
ProjectManager.BackupPrevious=false
MxCube.Version=6.2.1
SPI1.Mode=SPI_MODE_MASTER
TIM3.Prescaler=64
File.Version=6
PC1.GPIO_Label=receive_time_again
VP_SYS_VS_Systick.Mode=SysTick
VP_SYS_VS_ND.Signal=SYS_VS_ND
TIM3.IPParameters=Channel-Output Compare1 No Output,Prescaler,Period,TIM_MasterOutputTrigger
PA9.Locked=true
PB7.Signal=I2C1_SDA
PA8.Signal=GPIO_Output
NVIC.NonMaskableInt_IRQn=true\:0\:0\:false\:false\:true\:false\:false
NVIC.PendSV_IRQn=true\:0\:0\:false\:false\:true\:false\:false
ProjectManager.FreePins=false
RCC.IPParameters=ADCFreqValue,AHBFreq_Value,APB1Freq_Value,APB1TimFreq_Value,APB2Freq_Value,APB2TimFreq_Value,FCLKCortexFreq_Value,FamilyName,HCLKFreq_Value,MCOFreq_Value,PLLCLKFreq_Value,PLLMCOFreq_Value,PLLMUL,SYSCLKFreq_VALUE,SYSCLKSource,TimSysFreq_Value,USBFreq_Value
ProjectManager.AskForMigrate=true
Mcu.Name=STM32F103R(8-B)Tx
ProjectManager.HalAssertFull=false
PA2.Signal=USART2_TX
ProjectManager.ProjectName=stm32_electronic_clock
ProjectManager.UnderRoot=true
PC0.GPIO_ModeDefaultEXTI=GPIO_MODE_IT_FALLING
Mcu.IP6=USART2
RCC.PLLMCOFreq_Value=8000000
Mcu.IP7=USART3
ProjectManager.CoupleFile=false
RCC.SYSCLKFreq_VALUE=16000000
Mcu.Package=LQFP64
PA6.Signal=SPI1_MISO
RCC.TimSysFreq_Value=16000000
NVIC.ForceEnableDMAVector=true
KeepUserPlacement=false
USART2.VirtualMode=VM_ASYNC
USART3.VirtualMode=VM_ASYNC
NVIC.MemoryManagement_IRQn=true\:0\:0\:false\:false\:true\:false\:false
ProjectManager.CompilerOptimize=6
ProjectManager.ToolChainLocation=
VP_SYS_VS_Systick.Signal=SYS_VS_Systick
PB7.Mode=I2C
SH.GPXTI0.0=GPIO_EXTI0
USART3.IPParameters=VirtualMode
ProjectManager.HeapSize=0x200
Mcu.Pin15=VP_TIM3_VS_ClockSourceINT
NVIC.HardFault_IRQn=true\:0\:0\:false\:false\:true\:false\:false
Mcu.Pin16=VP_TIM3_VS_no_output1
Mcu.Pin13=VP_SYS_VS_ND
Mcu.Pin14=VP_SYS_VS_Systick
ProjectManager.ComputerToolchain=false
NVIC.PriorityGroup=NVIC_PRIORITYGROUP_4
Mcu.Pin11=PB6
Mcu.Pin12=PB7
Mcu.Pin10=PA9
PC1.GPIO_ModeDefaultEXTI=GPIO_MODE_IT_FALLING
RCC.APB1TimFreq_Value=16000000
PA2.Mode=Asynchronous
NVIC.BusFault_IRQn=true\:0\:0\:false\:false\:true\:false\:false
TIM3.TIM_MasterOutputTrigger=TIM_TRGO_ENABLE
PC0.GPIO_PuPd=GPIO_PULLUP
SH.GPXTI1.ConfNb=1
RCC.APB1Freq_Value=16000000
SPI1.BaudRatePrescaler=SPI_BAUDRATEPRESCALER_4
ProjectManager.CustomerFirmwarePackage=
PC0.Locked=true
VP_TIM3_VS_ClockSourceINT.Mode=Internal
ProjectManager.DeviceId=STM32F103R8Tx
PC1.Signal=GPXTI1
ProjectManager.LibraryCopy=1
PA3.Signal=USART2_RX
PA5.Mode=Full_Duplex_Master
PA7.Signal=SPI1_MOSI
isbadioc=false
